<?xml version="1.0" encoding="utf-8"?>
<Project ToolsVersion="4.0" xmlns="http://schemas.microsoft.com/developer/msbuild/2003">
  <ItemGroup>
    <Filter Include="BaseArchive">
      <UniqueIdentifier>{df31cc35-1033-4da6-bbf3-994e024a5839}</UniqueIdentifier>
    </Filter>
    <Filter Include="MATLAB">
      <UniqueIdentifier>{2b33933a-85c9-4880-8024-eb068df0bc35}</UniqueIdentifier>
    </Filter>
    <Filter Include="ConfigFile">
      <UniqueIdentifier>{09cc1407-284a-4c0f-affa-f3d2126389e7}</UniqueIdentifier>
    </Filter>
    <Filter Include="HDF5">
      <UniqueIdentifier>{086140bc-e539-40f3-8d24-b119dfead548}</UniqueIdentifier>
    </Filter>
    <Filter Include="CerealWrappers">
      <UniqueIdentifier>{7e0a3b86-4c59-42d3-aeee-92a99d469f20}</UniqueIdentifier>
    </Filter>
  </ItemGroup>
  <ItemGroup>
    <None Include="packages.config" />
  </ItemGroup>
  <ItemGroup>
    <ClInclude Include="Archive\ArchiveHelper.h">
      <Filter>BaseArchive</Filter>
    </ClInclude>
    <ClInclude Include="Archive\ArchiveVisitor.h">
      <Filter>BaseArchive</Filter>
    </ClInclude>
    <ClInclude Include="Archive\BaseArchiveType.h">
      <Filter>BaseArchive</Filter>
    </ClInclude>
    <ClInclude Include="Archive\InputArchive.h">
      <Filter>BaseArchive</Filter>
    </ClInclude>
    <ClInclude Include="Archive\LoadConstructor.h">
      <Filter>BaseArchive</Filter>
    </ClInclude>
    <ClInclude Include="Archive\NamedValue.h">
      <Filter>BaseArchive</Filter>
    </ClInclude>
    <ClInclude Include="Archive\OutputArchive.h">
      <Filter>BaseArchive</Filter>
    </ClInclude>
    <ClInclude Include="Archive\Serializeable.h">
      <Filter>BaseArchive</Filter>
    </ClInclude>
    <ClInclude Include="Archive\TestIOArchive.h">
      <Filter>BaseArchive</Filter>
    </ClInclude>
    <ClInclude Include="MATLAB_Archive\Matlab_Archive.h">
      <Filter>MATLAB</Filter>
    </ClInclude>
    <ClInclude Include="ConfigFile_Archive\ConfigFile_Archive.h">
      <Filter>ConfigFile</Filter>
    </ClInclude>
    <ClInclude Include="CerealWrappers\BinaryArchiveWrapper.h">
      <Filter>CerealWrappers</Filter>
    </ClInclude>
    <ClInclude Include="CerealWrappers\CerealAdapter.h">
      <Filter>CerealWrappers</Filter>
    </ClInclude>
    <ClInclude Include="CerealWrappers\JSONArchiveWrapper.h">
      <Filter>CerealWrappers</Filter>
    </ClInclude>
    <ClInclude Include="CerealWrappers\PortableBinaryArchiveWrapper.h">
      <Filter>CerealWrappers</Filter>
    </ClInclude>
    <ClInclude Include="CerealWrappers\XMLArchiveWrapper.h">
      <Filter>CerealWrappers</Filter>
    </ClInclude>
    <ClInclude Include="HDF5_Archive\HDF5_Archive.h">
      <Filter>HDF5</Filter>
    </ClInclude>
    <ClInclude Include="HDF5_Archive\HDF5_FileWrapper.h">
      <Filter>HDF5</Filter>
    </ClInclude>
  </ItemGroup>
  <ItemGroup>
    <Text Include="Archive\CMakeLists.txt">
      <Filter>BaseArchive</Filter>
    </Text>
    <Text Include="MATLAB_Archive\CMakeLists.txt">
      <Filter>MATLAB</Filter>
    </Text>
    <Text Include="ConfigFile_Archive\CMakeLists.txt">
      <Filter>ConfigFile</Filter>
    </Text>
    <Text Include="CerealWrappers\CMakeLists.txt">
      <Filter>CerealWrappers</Filter>
    </Text>
    <Text Include="HDF5_Archive\CMakeLists.txt">
      <Filter>HDF5</Filter>
    </Text>
    <Text Include="CMakeLists.txt" />
  </ItemGroup>
  <ItemGroup>
    <ClCompile Include="MATLAB_Archive\Matlab_Archive.cpp">
      <Filter>MATLAB</Filter>
    </ClCompile>
    <ClCompile Include="ConfigFile_Archive\ConfigFile_Archive.cpp">
      <Filter>ConfigFile</Filter>
    </ClCompile>
    <ClCompile Include="HDF5_Archive\HDF5_Archive.cpp">
      <Filter>HDF5</Filter>
    </ClCompile>
    <ClCompile Include="HDF5_Archive\HDF5_FileWrapper.cpp">
      <Filter>HDF5</Filter>
    </ClCompile>
  </ItemGroup>
</Project>